// !$*UTF8*$!
{
	archiveVersion = 1;
	classes = {
	};
	objectVersion = 50;
	objects = {

/* Begin PBXBuildFile section */
		190C51FD215A178B004FAE13 /* AppDelegate.swift in Sources */ = {isa = PBXBuildFile; fileRef = 190C51FC215A178B004FAE13 /* AppDelegate.swift */; };
		190C51FF215A178B004FAE13 /* ViewController.swift in Sources */ = {isa = PBXBuildFile; fileRef = 190C51FE215A178B004FAE13 /* ViewController.swift */; };
		190C5202215A178B004FAE13 /* Main.storyboard in Resources */ = {isa = PBXBuildFile; fileRef = 190C5200215A178B004FAE13 /* Main.storyboard */; };
		190C5204215A178D004FAE13 /* Assets.xcassets in Resources */ = {isa = PBXBuildFile; fileRef = 190C5203215A178D004FAE13 /* Assets.xcassets */; };
		190C5207215A178D004FAE13 /* LaunchScreen.storyboard in Resources */ = {isa = PBXBuildFile; fileRef = 190C5205215A178D004FAE13 /* LaunchScreen.storyboard */; };
		19237ABD215A71710049CBF8 /* LoginVC.swift in Sources */ = {isa = PBXBuildFile; fileRef = 19237ABC215A71710049CBF8 /* LoginVC.swift */; };
		19446B702160FBDB009379D9 /* GravityVC.swift in Sources */ = {isa = PBXBuildFile; fileRef = 19446B6F2160FBDB009379D9 /* GravityVC.swift */; };
		19446B722160FC71009379D9 /* MenuVC.swift in Sources */ = {isa = PBXBuildFile; fileRef = 19446B712160FC71009379D9 /* MenuVC.swift */; };
		19958C1F215F37F800953474 /* LocationTabVC.swift in Sources */ = {isa = PBXBuildFile; fileRef = 19958C1E215F37F800953474 /* LocationTabVC.swift */; };
		19C833572161F8CC00E1587B /* SettingVC.swift in Sources */ = {isa = PBXBuildFile; fileRef = 19C833562161F8CC00E1587B /* SettingVC.swift */; };
		19DFE30A215B81F600D3F068 /* UIHelper.swift in Sources */ = {isa = PBXBuildFile; fileRef = 19DFE309215B81F600D3F068 /* UIHelper.swift */; };
		19F135AE215CBD2900D97CE4 /* ForgetViewController.swift in Sources */ = {isa = PBXBuildFile; fileRef = 19F135AD215CBD2900D97CE4 /* ForgetViewController.swift */; };
		5CFB36ADA88C4311216FC844 /* Pods_familyNetwork.framework in Frameworks */ = {isa = PBXBuildFile; fileRef = C7779D5AB115352DF7BE3B98 /* Pods_familyNetwork.framework */; };
/* End PBXBuildFile section */

/* Begin PBXFileReference section */
		190C51F9215A178B004FAE13 /* familyNetwork.app */ = {isa = PBXFileReference; explicitFileType = wrapper.application; includeInIndex = 0; path = familyNetwork.app; sourceTree = BUILT_PRODUCTS_DIR; };
		190C51FC215A178B004FAE13 /* AppDelegate.swift */ = {isa = PBXFileReference; lastKnownFileType = sourcecode.swift; path = AppDelegate.swift; sourceTree = "<group>"; };
		190C51FE215A178B004FAE13 /* ViewController.swift */ = {isa = PBXFileReference; lastKnownFileType = sourcecode.swift; path = ViewController.swift; sourceTree = "<group>"; };
		190C5201215A178B004FAE13 /* Base */ = {isa = PBXFileReference; lastKnownFileType = file.storyboard; name = Base; path = Base.lproj/Main.storyboard; sourceTree = "<group>"; };
		190C5203215A178D004FAE13 /* Assets.xcassets */ = {isa = PBXFileReference; lastKnownFileType = folder.assetcatalog; path = Assets.xcassets; sourceTree = "<group>"; };
		190C5206215A178D004FAE13 /* Base */ = {isa = PBXFileReference; lastKnownFileType = file.storyboard; name = Base; path = Base.lproj/LaunchScreen.storyboard; sourceTree = "<group>"; };
		190C5208215A178D004FAE13 /* Info.plist */ = {isa = PBXFileReference; lastKnownFileType = text.plist.xml; path = Info.plist; sourceTree = "<group>"; };
		19237ABC215A71710049CBF8 /* LoginVC.swift */ = {isa = PBXFileReference; lastKnownFileType = sourcecode.swift; name = LoginVC.swift; path = Controller/LoginVC.swift; sourceTree = "<group>"; };
		19446B6F2160FBDB009379D9 /* GravityVC.swift */ = {isa = PBXFileReference; lastKnownFileType = sourcecode.swift; name = GravityVC.swift; path = Controller/GravityVC.swift; sourceTree = "<group>"; };
		19446B712160FC71009379D9 /* MenuVC.swift */ = {isa = PBXFileReference; lastKnownFileType = sourcecode.swift; name = MenuVC.swift; path = Controller/MenuVC.swift; sourceTree = "<group>"; };
		19958C1E215F37F800953474 /* LocationTabVC.swift */ = {isa = PBXFileReference; lastKnownFileType = sourcecode.swift; name = LocationTabVC.swift; path = Controller/LocationTabVC.swift; sourceTree = "<group>"; };
		19C833562161F8CC00E1587B /* SettingVC.swift */ = {isa = PBXFileReference; lastKnownFileType = sourcecode.swift; name = SettingVC.swift; path = Controller/SettingVC.swift; sourceTree = "<group>"; };
		19DFE309215B81F600D3F068 /* UIHelper.swift */ = {isa = PBXFileReference; fileEncoding = 4; lastKnownFileType = sourcecode.swift; name = UIHelper.swift; path = Utilities/UIHelper.swift; sourceTree = "<group>"; };
		19F135AD215CBD2900D97CE4 /* ForgetViewController.swift */ = {isa = PBXFileReference; lastKnownFileType = sourcecode.swift; name = ForgetViewController.swift; path = Controller/ForgetViewController.swift; sourceTree = "<group>"; };
		A3C4681A66E7A8378C460D1A /* Pods-familyNetwork.release.xcconfig */ = {isa = PBXFileReference; includeInIndex = 1; lastKnownFileType = text.xcconfig; name = "Pods-familyNetwork.release.xcconfig"; path = "Pods/Target Support Files/Pods-familyNetwork/Pods-familyNetwork.release.xcconfig"; sourceTree = "<group>"; };
		C7779D5AB115352DF7BE3B98 /* Pods_familyNetwork.framework */ = {isa = PBXFileReference; explicitFileType = wrapper.framework; includeInIndex = 0; path = Pods_familyNetwork.framework; sourceTree = BUILT_PRODUCTS_DIR; };
		E295F803F51551015A345984 /* Pods-familyNetwork.debug.xcconfig */ = {isa = PBXFileReference; includeInIndex = 1; lastKnownFileType = text.xcconfig; name = "Pods-familyNetwork.debug.xcconfig"; path = "Pods/Target Support Files/Pods-familyNetwork/Pods-familyNetwork.debug.xcconfig"; sourceTree = "<group>"; };
/* End PBXFileReference section */

/* Begin PBXFrameworksBuildPhase section */
		190C51F6215A178B004FAE13 /* Frameworks */ = {
			isa = PBXFrameworksBuildPhase;
			buildActionMask = 2147483647;
			files = (
				5CFB36ADA88C4311216FC844 /* Pods_familyNetwork.framework in Frameworks */,
			);
			runOnlyForDeploymentPostprocessing = 0;
		};
/* End PBXFrameworksBuildPhase section */

/* Begin PBXGroup section */
		07E5B3A6825D7FD0E99E7C0C /* Frameworks */ = {
			isa = PBXGroup;
			children = (
				C7779D5AB115352DF7BE3B98 /* Pods_familyNetwork.framework */,
			);
			name = Frameworks;
			sourceTree = "<group>";
		};
		190C51F0215A178B004FAE13 = {
			isa = PBXGroup;
			children = (
				190C51FB215A178B004FAE13 /* familyNetwork */,
				190C51FA215A178B004FAE13 /* Products */,
				E1C806C5970EFFF15F99469A /* Pods */,
				07E5B3A6825D7FD0E99E7C0C /* Frameworks */,
			);
			sourceTree = "<group>";
		};
		190C51FA215A178B004FAE13 /* Products */ = {
			isa = PBXGroup;
			children = (
				190C51F9215A178B004FAE13 /* familyNetwork.app */,
			);
			name = Products;
			sourceTree = "<group>";
		};
		190C51FB215A178B004FAE13 /* familyNetwork */ = {
			isa = PBXGroup;
			children = (
				191BE0E6215A489E0041A74D /* Utilties */,
				190C51FC215A178B004FAE13 /* AppDelegate.swift */,
				190C520E215A474C004FAE13 /* Controller */,
				190C5200215A178B004FAE13 /* Main.storyboard */,
				190C5203215A178D004FAE13 /* Assets.xcassets */,
				190C5205215A178D004FAE13 /* LaunchScreen.storyboard */,
				190C5208215A178D004FAE13 /* Info.plist */,
			);
			path = familyNetwork;
			sourceTree = "<group>";
		};
		190C520E215A474C004FAE13 /* Controller */ = {
			isa = PBXGroup;
			children = (
				190C51FE215A178B004FAE13 /* ViewController.swift */,
				19237ABC215A71710049CBF8 /* LoginVC.swift */,
				19F135AD215CBD2900D97CE4 /* ForgetViewController.swift */,
				19958C1E215F37F800953474 /* LocationTabVC.swift */,
				19446B6F2160FBDB009379D9 /* GravityVC.swift */,
				19446B712160FC71009379D9 /* MenuVC.swift */,
				19C833562161F8CC00E1587B /* SettingVC.swift */,
			);
			name = Controller;
			sourceTree = "<group>";
		};
		191BE0E6215A489E0041A74D /* Utilties */ = {
			isa = PBXGroup;
			children = (
				19DFE309215B81F600D3F068 /* UIHelper.swift */,
			);
			name = Utilties;
			sourceTree = "<group>";
		};
		E1C806C5970EFFF15F99469A /* Pods */ = {
			isa = PBXGroup;
			children = (
				E295F803F51551015A345984 /* Pods-familyNetwork.debug.xcconfig */,
				A3C4681A66E7A8378C460D1A /* Pods-familyNetwork.release.xcconfig */,
			);
			name = Pods;
			sourceTree = "<group>";
		};
/* End PBXGroup section */

/* Begin PBXNativeTarget section */
		190C51F8215A178B004FAE13 /* familyNetwork */ = {
			isa = PBXNativeTarget;
			buildConfigurationList = 190C520B215A178D004FAE13 /* Build configuration list for PBXNativeTarget "familyNetwork" */;
			buildPhases = (
				C4CFB5E26AB0BE1E24B5CEAC /* [CP] Check Pods Manifest.lock */,
				190C51F5215A178B004FAE13 /* Sources */,
				190C51F6215A178B004FAE13 /* Frameworks */,
				190C51F7215A178B004FAE13 /* Resources */,
				5589C29E236E1D7A46EEA8E0 /* [CP] Embed Pods Frameworks */,
			);
			buildRules = (
			);
			dependencies = (
			);
			name = familyNetwork;
			productName = familyNetwork;
			productReference = 190C51F9215A178B004FAE13 /* familyNetwork.app */;
			productType = "com.apple.product-type.application";
		};
/* End PBXNativeTarget section */

/* Begin PBXProject section */
		190C51F1215A178B004FAE13 /* Project object */ = {
			isa = PBXProject;
			attributes = {
				LastSwiftUpdateCheck = 0930;
				LastUpgradeCheck = 0930;
				ORGANIZATIONNAME = MubasherMurtaza;
				TargetAttributes = {
					190C51F8215A178B004FAE13 = {
						CreatedOnToolsVersion = 9.3;
					};
				};
			};
			buildConfigurationList = 190C51F4215A178B004FAE13 /* Build configuration list for PBXProject "familyNetwork" */;
			compatibilityVersion = "Xcode 9.3";
			developmentRegion = en;
			hasScannedForEncodings = 0;
			knownRegions = (
				en,
				Base,
			);
			mainGroup = 190C51F0215A178B004FAE13;
			productRefGroup = 190C51FA215A178B004FAE13 /* Products */;
			projectDirPath = "";
			projectRoot = "";
			targets = (
				190C51F8215A178B004FAE13 /* familyNetwork */,
			);
		};
/* End PBXProject section */

/* Begin PBXResourcesBuildPhase section */
		190C51F7215A178B004FAE13 /* Resources */ = {
			isa = PBXResourcesBuildPhase;
			buildActionMask = 2147483647;
			files = (
				190C5207215A178D004FAE13 /* LaunchScreen.storyboard in Resources */,
				190C5204215A178D004FAE13 /* Assets.xcassets in Resources */,
				190C5202215A178B004FAE13 /* Main.storyboard in Resources */,
			);
			runOnlyForDeploymentPostprocessing = 0;
		};
/* End PBXResourcesBuildPhase section */

/* Begin PBXShellScriptBuildPhase section */
		5589C29E236E1D7A46EEA8E0 /* [CP] Embed Pods Frameworks */ = {
			isa = PBXShellScriptBuildPhase;
			buildActionMask = 2147483647;
			files = (
			);
			inputPaths = (
				"${SRCROOT}/Pods/Target Support Files/Pods-familyNetwork/Pods-familyNetwork-frameworks.sh",
				"${BUILT_PRODUCTS_DIR}/IQKeyboardManagerSwift/IQKeyboardManagerSwift.framework",
				"${BUILT_PRODUCTS_DIR}/SideMenu/SideMenu.framework",
			);
			name = "[CP] Embed Pods Frameworks";
			outputPaths = (
				"${TARGET_BUILD_DIR}/${FRAMEWORKS_FOLDER_PATH}/IQKeyboardManagerSwift.framework",
				"${TARGET_BUILD_DIR}/${FRAMEWORKS_FOLDER_PATH}/SideMenu.framework",
			);
			runOnlyForDeploymentPostprocessing = 0;
			shellPath = /bin/sh;
			shellScript = "\"${SRCROOT}/Pods/Target Support Files/Pods-familyNetwork/Pods-familyNetwork-frameworks.sh\"\n";
			showEnvVarsInLog = 0;
		};
		C4CFB5E26AB0BE1E24B5CEAC /* [CP] Check Pods Manifest.lock */ = {
			isa = PBXShellScriptBuildPhase;
			buildActionMask = 2147483647;
			files = (
			);
			inputPaths = (
				"${PODS_PODFILE_DIR_PATH}/Podfile.lock",
				"${PODS_ROOT}/Manifest.lock",
			);
			name = "[CP] Check Pods Manifest.lock";
			outputPaths = (
				"$(DERIVED_FILE_DIR)/Pods-familyNetwork-checkManifestLockResult.txt",
			);
			runOnlyForDeploymentPostprocessing = 0;
			shellPath = /bin/sh;
			shellScript = "diff \"${PODS_PODFILE_DIR_PATH}/Podfile.lock\" \"${PODS_ROOT}/Manifest.lock\" > /dev/null\nif [ $? != 0 ] ; then\n    # print error to STDERR\n    echo \"error: The sandbox is not in sync with the Podfile.lock. Run 'pod install' or update your CocoaPods installation.\" >&2\n    exit 1\nfi\n# This output is used by Xcode 'outputs' to avoid re-running this script phase.\necho \"SUCCESS\" > \"${SCRIPT_OUTPUT_FILE_0}\"\n";
			showEnvVarsInLog = 0;
		};
/* End PBXShellScriptBuildPhase section */

/* Begin PBXSourcesBuildPhase section */
		190C51F5215A178B004FAE13 /* Sources */ = {
			isa = PBXSourcesBuildPhase;
			buildActionMask = 2147483647;
			files = (
				190C51FF215A178B004FAE13 /* ViewController.swift in Sources */,
				19C833572161F8CC00E1587B /* SettingVC.swift in Sources */,
				190C51FD215A178B004FAE13 /* AppDelegate.swift in Sources */,
				19F135AE215CBD2900D97CE4 /* ForgetViewController.swift in Sources */,
				19446B702160FBDB009379D9 /* GravityVC.swift in Sources */,
				19237ABD215A71710049CBF8 /* LoginVC.swift in Sources */,
				19446B722160FC71009379D9 /* MenuVC.swift in Sources */,
				19DFE30A215B81F600D3F068 /* UIHelper.swift in Sources */,
				19958C1F215F37F800953474 /* LocationTabVC.swift in Sources */,
			);
			runOnlyForDeploymentPostprocessing = 0;
		};
/* End PBXSourcesBuildPhase section */

/* Begin PBXVariantGroup section */
		190C5200215A178B004FAE13 /* Main.storyboard */ = {
			isa = PBXVariantGroup;
			children = (
				190C5201215A178B004FAE13 /* Base */,
			);
			name = Main.storyboard;
			sourceTree = "<group>";
		};
		190C5205215A178D004FAE13 /* LaunchScreen.storyboard */ = {
			isa = PBXVariantGroup;
			children = (
				190C5206215A178D004FAE13 /* Base */,
			);
			name = LaunchScreen.storyboard;
			sourceTree = "<group>";
		};
/* End PBXVariantGroup section */

/* Begin XCBuildConfiguration section */
		190C5209215A178D004FAE13 /* Debug */ = {
			isa = XCBuildConfiguration;
			buildSettings = {
				ALWAYS_SEARCH_USER_PATHS = NO;
				CLANG_ANALYZER_NONNULL = YES;
				CLANG_ANALYZER_NUMBER_OBJECT_CONVERSION = YES_AGGRESSIVE;
				CLANG_CXX_LANGUAGE_STANDARD = "gnu++14";
				CLANG_CXX_LIBRARY = "libc++";
				CLANG_ENABLE_MODULES = YES;
				CLANG_ENABLE_OBJC_ARC = YES;
				CLANG_ENABLE_OBJC_WEAK = YES;
				CLANG_WARN_BLOCK_CAPTURE_AUTORELEASING = YES;
				CLANG_WARN_BOOL_CONVERSION = YES;
				CLANG_WARN_COMMA = YES;
				CLANG_WARN_CONSTANT_CONVERSION = YES;
				CLANG_WARN_DEPRECATED_OBJC_IMPLEMENTATIONS = YES;
				CLANG_WARN_DIRECT_OBJC_ISA_USAGE = YES_ERROR;
				CLANG_WARN_DOCUMENTATION_COMMENTS = YES;
				CLANG_WARN_EMPTY_BODY = YES;
				CLANG_WARN_ENUM_CONVERSION = YES;
				CLANG_WARN_INFINITE_RECURSION = YES;
				CLANG_WARN_INT_CONVERSION = YES;
				CLANG_WARN_NON_LITERAL_NULL_CONVERSION = YES;
				CLANG_WARN_OBJC_IMPLICIT_RETAIN_SELF = YES;
				CLANG_WARN_OBJC_LITERAL_CONVERSION = YES;
				CLANG_WARN_OBJC_ROOT_CLASS = YES_ERROR;
				CLANG_WARN_RANGE_LOOP_ANALYSIS = YES;
				CLANG_WARN_STRICT_PROTOTYPES = YES;
				CLANG_WARN_SUSPICIOUS_MOVE = YES;
				CLANG_WARN_UNGUARDED_AVAILABILITY = YES_AGGRESSIVE;
				CLANG_WARN_UNREACHABLE_CODE = YES;
				CLANG_WARN__DUPLICATE_METHOD_MATCH = YES;
				CODE_SIGN_IDENTITY = "iPhone Developer";
				COPY_PHASE_STRIP = NO;
				DEBUG_INFORMATION_FORMAT = dwarf;
				ENABLE_STRICT_OBJC_MSGSEND = YES;
				ENABLE_TESTABILITY = YES;
				GCC_C_LANGUAGE_STANDARD = gnu11;
				GCC_DYNAMIC_NO_PIC = NO;
				GCC_NO_COMMON_BLOCKS = YES;
				GCC_OPTIMIZATION_LEVEL = 0;
				GCC_PREPROCESSOR_DEFINITIONS = (
					"DEBUG=1",
					"$(inherited)",
				);
				GCC_WARN_64_TO_32_BIT_CONVERSION = YES;
				GCC_WARN_ABOUT_RETURN_TYPE = YES_ERROR;
				GCC_WARN_UNDECLARED_SELECTOR = YES;
				GCC_WARN_UNINITIALIZED_AUTOS = YES_AGGRESSIVE;
				GCC_WARN_UNUSED_FUNCTION = YES;
				GCC_WARN_UNUSED_VARIABLE = YES;
				IPHONEOS_DEPLOYMENT_TARGET = 11.3;
				MTL_ENABLE_DEBUG_INFO = YES;
				ONLY_ACTIVE_ARCH = YES;
				SDKROOT = iphoneos;
				SWIFT_ACTIVE_COMPILATION_CONDITIONS = DEBUG;
				SWIFT_OPTIMIZATION_LEVEL = "-Onone";
			};
			name = Debug;
		};
		190C520A215A178D004FAE13 /* Release */ = {
			isa = XCBuildConfiguration;
			buildSettings = {
				ALWAYS_SEARCH_USER_PATHS = NO;
				CLANG_ANALYZER_NONNULL = YES;
				CLANG_ANALYZER_NUMBER_OBJECT_CONVERSION = YES_AGGRESSIVE;
				CLANG_CXX_LANGUAGE_STANDARD = "gnu++14";
				CLANG_CXX_LIBRARY = "libc++";
				CLANG_ENABLE_MODULES = YES;
				CLANG_ENABLE_OBJC_ARC = YES;
				CLANG_ENABLE_OBJC_WEAK = YES;
				CLANG_WARN_BLOCK_CAPTURE_AUTORELEASING = YES;
				CLANG_WARN_BOOL_CONVERSION = YES;
				CLANG_WARN_COMMA = YES;
				CLANG_WARN_CONSTANT_CONVERSION = YES;
				CLANG_WARN_DEPRECATED_OBJC_IMPLEMENTATIONS = YES;
				CLANG_WARN_DIRECT_OBJC_ISA_USAGE = YES_ERROR;
				CLANG_WARN_DOCUMENTATION_COMMENTS = YES;
				CLANG_WARN_EMPTY_BODY = YES;
				CLANG_WARN_ENUM_CONVERSION = YES;
				CLANG_WARN_INFINITE_RECURSION = YES;
				CLANG_WARN_INT_CONVERSION = YES;
				CLANG_WARN_NON_LITERAL_NULL_CONVERSION = YES;
				CLANG_WARN_OBJC_IMPLICIT_RETAIN_SELF = YES;
				CLANG_WARN_OBJC_LITERAL_CONVERSION = YES;
				CLANG_WARN_OBJC_ROOT_CLASS = YES_ERROR;
				CLANG_WARN_RANGE_LOOP_ANALYSIS = YES;
				CLANG_WARN_STRICT_PROTOTYPES = YES;
				CLANG_WARN_SUSPICIOUS_MOVE = YES;
				CLANG_WARN_UNGUARDED_AVAILABILITY = YES_AGGRESSIVE;
				CLANG_WARN_UNREACHABLE_CODE = YES;
				CLANG_WARN__DUPLICATE_METHOD_MATCH = YES;
				CODE_SIGN_IDENTITY = "iPhone Developer";
				COPY_PHASE_STRIP = NO;
				DEBUG_INFORMATION_FORMAT = "dwarf-with-dsym";
				ENABLE_NS_ASSERTIONS = NO;
				ENABLE_STRICT_OBJC_MSGSEND = YES;
				GCC_C_LANGUAGE_STANDARD = gnu11;
				GCC_NO_COMMON_BLOCKS = YES;
				GCC_WARN_64_TO_32_BIT_CONVERSION = YES;
				GCC_WARN_ABOUT_RETURN_TYPE = YES_ERROR;
				GCC_WARN_UNDECLARED_SELECTOR = YES;
				GCC_WARN_UNINITIALIZED_AUTOS = YES_AGGRESSIVE;
				GCC_WARN_UNUSED_FUNCTION = YES;
				GCC_WARN_UNUSED_VARIABLE = YES;
				IPHONEOS_DEPLOYMENT_TARGET = 11.3;
				MTL_ENABLE_DEBUG_INFO = NO;
				SDKROOT = iphoneos;
				SWIFT_COMPILATION_MODE = wholemodule;
				SWIFT_OPTIMIZATION_LEVEL = "-O";
				VALIDATE_PRODUCT = YES;
			};
			name = Release;
		};
		190C520C215A178D004FAE13 /* Debug */ = {
			isa = XCBuildConfiguration;
			baseConfigurationReference = E295F803F51551015A345984 /* Pods-familyNetwork.debug.xcconfig */;
			buildSettings = {
				ASSETCATALOG_COMPILER_APPICON_NAME = AppIcon;
				CODE_SIGN_STYLE = Automatic;
				DEVELOPMENT_TEAM = RF4DTY5F48;
				INFOPLIST_FILE = familyNetwork/Info.plist;
				LD_RUNPATH_SEARCH_PATHS = (
					"$(inherited)",
					"@executable_path/Frameworks",
				);
				PRODUCT_BUNDLE_IDENTIFIER = com.zams.familyNetwork;
				PRODUCT_NAME = "$(TARGET_NAME)";
				SWIFT_VERSION = 4.0;
				TARGETED_DEVICE_FAMILY = "1,2";
			};
			name = Debug;
		};
		190C520D215A178D004FAE13 /* Release */ = {
			isa = XCBuildConfiguration;
			baseConfigurationReference = A3C4681A66E7A8378C460D1A /* Pods-familyNetwork.release.xcconfig */;
			buildSettings = {
				ASSETCATALOG_COMPILER_APPICON_NAME = AppIcon;
				CODE_SIGN_STYLE = Automatic;
				DEVELOPMENT_TEAM = RF4DTY5F48;
				INFOPLIST_FILE = familyNetwork/Info.plist;
				LD_RUNPATH_SEARCH_PATHS = (
					"$(inherited)",
					"@executable_path/Frameworks",
				);
				PRODUCT_BUNDLE_IDENTIFIER = com.zams.familyNetwork;
				PRODUCT_NAME = "$(TARGET_NAME)";
				SWIFT_VERSION = 4.0;
				TARGETED_DEVICE_FAMILY = "1,2";
			};
			name = Release;
		};
/* End XCBuildConfiguration section */

/* Begin XCConfigurationList section */
		190C51F4215A178B004FAE13 /* Build configuration list for PBXProject "familyNetwork" */ = {
			isa = XCConfigurationList;
			buildConfigurations = (
				190C5209215A178D004FAE13 /* Debug */,
				190C520A215A178D004FAE13 /* Release */,
			);
			defaultConfigurationIsVisible = 0;
			defaultConfigurationName = Release;
		};
		190C520B215A178D004FAE13 /* Build configuration list for PBXNativeTarget "familyNetwork" */ = {
			isa = XCConfigurationList;
			buildConfigurations = (
				190C520C215A178D004FAE13 /* Debug */,
				190C520D215A178D004FAE13 /* Release */,
			);
			defaultConfigurationIsVisible = 0;
			defaultConfigurationName = Release;
		};
/* End XCConfigurationList section */
	};
	rootObject = 190C51F1215A178B004FAE13 /* Project object */;
}
